
Microsoft Visual Studio Solution File, Format Version 12.00
# Visual Studio Version 17
VisualStudioVersion = 17.8.34408.163
MinimumVisualStudioVersion = 10.0.40219.1
Project("{FAE04EC0-301F-11D3-BF4B-00C04F79EFBC}") = "Portfolio", "Portfolio\Portfolio.csproj", "{818D4FC4-5994-4106-B012-53F8D4EBDEEF}"
EndProject
Global
	GlobalSection(SolutionConfigurationPlatforms) = preSolution
		Debug|Any CPU = Debug|Any CPU
		Release|Any CPU = Release|Any CPU
	EndGlobalSection
	GlobalSection(ProjectConfigurationPlatforms) = postSolution
		{818D4FC4-5994-4106-B012-53F8D4EBDEEF}.Debug|Any CPU.ActiveCfg = Debug|Any CPU
		{818D4FC4-5994-4106-B012-53F8D4EBDEEF}.Debug|Any CPU.Build.0 = Debug|Any CPU
		{818D4FC4-5994-4106-B012-53F8D4EBDEEF}.Release|Any CPU.ActiveCfg = Release|Any CPU
		{818D4FC4-5994-4106-B012-53F8D4EBDEEF}.Release|Any CPU.Build.0 = Release|Any CPU
	EndGlobalSection
	GlobalSection(SolutionProperties) = preSolution
		HideSolutionNode = FALSE
	EndGlobalSection
	GlobalSection(ExtensibilityGlobals) = postSolution
		SolutionGuid = {10FDE123-84A4-40C4-8DAB-4E4E9197321E}
	EndGlobalSection
EndGlobal
